
Microsoft Visual Studio Solution File, Format Version 12.00
Project("{FAE04EC0-301F-11D3-BF4B-00C04F79EFBC}") = "MagisIT.ReactiveActions", "MagisIT.ReactiveActions\MagisIT.ReactiveActions.csproj", "{15AB02BD-6B5C-473D-9842-AD39DF550E30}"
EndProject
Project("{FAE04EC0-301F-11D3-BF4B-00C04F79EFBC}") = "MagisIT.ReactiveActions.Sample", "MagisIT.ReactiveActions.Sample\MagisIT.ReactiveActions.Sample.csproj", "{7A9C1CB2-29EE-4AB7-B472-E6EAEC21E054}"
EndProject
Project("{FAE04EC0-301F-11D3-BF4B-00C04F79EFBC}") = "MagisIT.ReactiveActions.Tests", "MagisIT.ReactiveActions.Tests\MagisIT.ReactiveActions.Tests.csproj", "{9D80EFC5-94D0-46DD-9427-2CDA8DC5B8B1}"
EndProject
Project("{2150E333-8FDC-42A3-9474-1A3956D46DE8}") = "SolutionItems", "SolutionItems", "{2E7EAAD5-953D-41C8-BB33-6137B142ADF0}"
ProjectSection(SolutionItems) = preProject
	.gitignore = .gitignore
	.editorconfig = .editorconfig
	ProjectProperties.targets = ProjectProperties.targets
	LICENSE = LICENSE
	README.md = README.md
	.circleci\config.yml = .circleci\config.yml
EndProjectSection
EndProject
Project("{FAE04EC0-301F-11D3-BF4B-00C04F79EFBC}") = "MagisIT.ReactiveActions.TrackingSessionStore.InMemory", "MagisIT.ReactiveActions.TrackingSessionStore.InMemory\MagisIT.ReactiveActions.TrackingSessionStore.InMemory.csproj", "{C7E6B366-9384-4DE3-B062-31E023BDA717}"
EndProject
Project("{FAE04EC0-301F-11D3-BF4B-00C04F79EFBC}") = "MarcusW.SharpUtils.Core", "MarcusW.SharpUtils\MarcusW.SharpUtils.Core\MarcusW.SharpUtils.Core.csproj", "{19659443-16B9-4D79-984F-765E5B6C4696}"
EndProject
Project("{FAE04EC0-301F-11D3-BF4B-00C04F79EFBC}") = "MagisIT.ReactiveActions.TrackingSessionStore.Redis", "MagisIT.ReactiveActions.TrackingSessionStore.Redis\MagisIT.ReactiveActions.TrackingSessionStore.Redis.csproj", "{BF699F1A-A517-4E29-922F-D6FB4820BC02}"
EndProject
Project("{FAE04EC0-301F-11D3-BF4B-00C04F79EFBC}") = "MarcusW.SharpUtils.Redis", "MarcusW.SharpUtils\MarcusW.SharpUtils.Redis\MarcusW.SharpUtils.Redis.csproj", "{77CBBE53-2BDD-48F1-A591-13627D88BBF3}"
EndProject
Project("{FAE04EC0-301F-11D3-BF4B-00C04F79EFBC}") = "MagisIT.ReactiveActions.IntegrationTests", "MagisIT.ReactiveActions.IntegrationTests\MagisIT.ReactiveActions.IntegrationTests.csproj", "{6AEF99DE-85E9-49BF-9047-076DC6B7FA76}"
EndProject
Global
	GlobalSection(SolutionConfigurationPlatforms) = preSolution
		Debug|Any CPU = Debug|Any CPU
		Release|Any CPU = Release|Any CPU
	EndGlobalSection
	GlobalSection(ProjectConfigurationPlatforms) = postSolution
		{15AB02BD-6B5C-473D-9842-AD39DF550E30}.Debug|Any CPU.ActiveCfg = Debug|Any CPU
		{15AB02BD-6B5C-473D-9842-AD39DF550E30}.Debug|Any CPU.Build.0 = Debug|Any CPU
		{15AB02BD-6B5C-473D-9842-AD39DF550E30}.Release|Any CPU.ActiveCfg = Release|Any CPU
		{15AB02BD-6B5C-473D-9842-AD39DF550E30}.Release|Any CPU.Build.0 = Release|Any CPU
		{7A9C1CB2-29EE-4AB7-B472-E6EAEC21E054}.Debug|Any CPU.ActiveCfg = Debug|Any CPU
		{7A9C1CB2-29EE-4AB7-B472-E6EAEC21E054}.Debug|Any CPU.Build.0 = Debug|Any CPU
		{7A9C1CB2-29EE-4AB7-B472-E6EAEC21E054}.Release|Any CPU.ActiveCfg = Release|Any CPU
		{7A9C1CB2-29EE-4AB7-B472-E6EAEC21E054}.Release|Any CPU.Build.0 = Release|Any CPU
		{9D80EFC5-94D0-46DD-9427-2CDA8DC5B8B1}.Debug|Any CPU.ActiveCfg = Debug|Any CPU
		{9D80EFC5-94D0-46DD-9427-2CDA8DC5B8B1}.Debug|Any CPU.Build.0 = Debug|Any CPU
		{9D80EFC5-94D0-46DD-9427-2CDA8DC5B8B1}.Release|Any CPU.ActiveCfg = Release|Any CPU
		{9D80EFC5-94D0-46DD-9427-2CDA8DC5B8B1}.Release|Any CPU.Build.0 = Release|Any CPU
		{C7E6B366-9384-4DE3-B062-31E023BDA717}.Debug|Any CPU.ActiveCfg = Debug|Any CPU
		{C7E6B366-9384-4DE3-B062-31E023BDA717}.Debug|Any CPU.Build.0 = Debug|Any CPU
		{C7E6B366-9384-4DE3-B062-31E023BDA717}.Release|Any CPU.ActiveCfg = Release|Any CPU
		{C7E6B366-9384-4DE3-B062-31E023BDA717}.Release|Any CPU.Build.0 = Release|Any CPU
		{19659443-16B9-4D79-984F-765E5B6C4696}.Debug|Any CPU.ActiveCfg = Debug|Any CPU
		{19659443-16B9-4D79-984F-765E5B6C4696}.Debug|Any CPU.Build.0 = Debug|Any CPU
		{19659443-16B9-4D79-984F-765E5B6C4696}.Release|Any CPU.ActiveCfg = Release|Any CPU
		{19659443-16B9-4D79-984F-765E5B6C4696}.Release|Any CPU.Build.0 = Release|Any CPU
		{BF699F1A-A517-4E29-922F-D6FB4820BC02}.Debug|Any CPU.ActiveCfg = Debug|Any CPU
		{BF699F1A-A517-4E29-922F-D6FB4820BC02}.Debug|Any CPU.Build.0 = Debug|Any CPU
		{BF699F1A-A517-4E29-922F-D6FB4820BC02}.Release|Any CPU.ActiveCfg = Release|Any CPU
		{BF699F1A-A517-4E29-922F-D6FB4820BC02}.Release|Any CPU.Build.0 = Release|Any CPU
		{77CBBE53-2BDD-48F1-A591-13627D88BBF3}.Debug|Any CPU.ActiveCfg = Debug|Any CPU
		{77CBBE53-2BDD-48F1-A591-13627D88BBF3}.Debug|Any CPU.Build.0 = Debug|Any CPU
		{77CBBE53-2BDD-48F1-A591-13627D88BBF3}.Release|Any CPU.ActiveCfg = Release|Any CPU
		{77CBBE53-2BDD-48F1-A591-13627D88BBF3}.Release|Any CPU.Build.0 = Release|Any CPU
		{6AEF99DE-85E9-49BF-9047-076DC6B7FA76}.Debug|Any CPU.ActiveCfg = Debug|Any CPU
		{6AEF99DE-85E9-49BF-9047-076DC6B7FA76}.Debug|Any CPU.Build.0 = Debug|Any CPU
		{6AEF99DE-85E9-49BF-9047-076DC6B7FA76}.Release|Any CPU.ActiveCfg = Release|Any CPU
		{6AEF99DE-85E9-49BF-9047-076DC6B7FA76}.Release|Any CPU.Build.0 = Release|Any CPU
	EndGlobalSection
EndGlobal
